
Microsoft Visual Studio Solution File, Format Version 12.00
# Visual Studio Version 17
VisualStudioVersion = 17.1.32210.238
MinimumVisualStudioVersion = 10.0.40219.1
Project("{FAE04EC0-301F-11D3-BF4B-00C04F79EFBC}") = "BlazorBattles.Server", "BlazorBattles\Server\BlazorBattles.Server.csproj", "{47603A5A-A5E7-4A3F-8FF7-ADB219F05A6B}"
EndProject
Project("{FAE04EC0-301F-11D3-BF4B-00C04F79EFBC}") = "BlazorBattles.Client", "BlazorBattles\Client\BlazorBattles.Client.csproj", "{8B0645CB-EB35-4C62-B6EC-F91EEB9A9401}"
EndProject
Project("{FAE04EC0-301F-11D3-BF4B-00C04F79EFBC}") = "BlazorBattles.Shared", "BlazorBattles\Shared\BlazorBattles.Shared.csproj", "{65E92BA7-2EF0-4C82-AD37-F0ABCB2B9665}"
EndProject
Global
	GlobalSection(SolutionConfigurationPlatforms) = preSolution
		Debug|Any CPU = Debug|Any CPU
		Release|Any CPU = Release|Any CPU
	EndGlobalSection
	GlobalSection(ProjectConfigurationPlatforms) = postSolution
		{47603A5A-A5E7-4A3F-8FF7-ADB219F05A6B}.Debug|Any CPU.ActiveCfg = Debug|Any CPU
		{47603A5A-A5E7-4A3F-8FF7-ADB219F05A6B}.Debug|Any CPU.Build.0 = Debug|Any CPU
		{47603A5A-A5E7-4A3F-8FF7-ADB219F05A6B}.Release|Any CPU.ActiveCfg = Release|Any CPU
		{47603A5A-A5E7-4A3F-8FF7-ADB219F05A6B}.Release|Any CPU.Build.0 = Release|Any CPU
		{8B0645CB-EB35-4C62-B6EC-F91EEB9A9401}.Debug|Any CPU.ActiveCfg = Debug|Any CPU
		{8B0645CB-EB35-4C62-B6EC-F91EEB9A9401}.Debug|Any CPU.Build.0 = Debug|Any CPU
		{8B0645CB-EB35-4C62-B6EC-F91EEB9A9401}.Release|Any CPU.ActiveCfg = Release|Any CPU
		{8B0645CB-EB35-4C62-B6EC-F91EEB9A9401}.Release|Any CPU.Build.0 = Release|Any CPU
		{65E92BA7-2EF0-4C82-AD37-F0ABCB2B9665}.Debug|Any CPU.ActiveCfg = Debug|Any CPU
		{65E92BA7-2EF0-4C82-AD37-F0ABCB2B9665}.Debug|Any CPU.Build.0 = Debug|Any CPU
		{65E92BA7-2EF0-4C82-AD37-F0ABCB2B9665}.Release|Any CPU.ActiveCfg = Release|Any CPU
		{65E92BA7-2EF0-4C82-AD37-F0ABCB2B9665}.Release|Any CPU.Build.0 = Release|Any CPU
	EndGlobalSection
	GlobalSection(SolutionProperties) = preSolution
		HideSolutionNode = FALSE
	EndGlobalSection
	GlobalSection(ExtensibilityGlobals) = postSolution
		SolutionGuid = {01E526AA-50DB-4D66-80A6-FDA7F98FF058}
	EndGlobalSection
EndGlobal
